version: 1.0
shards:
  microtest:
    github: ragmaanir/microtest
    commit: 46199a9b32be12021b9018a7e7e068572b842c69

  molly2d:
    github: willamin/molly2d
    commit: 81d7b32df462b50e1f044e9427ca9616067ce69d

  sdl:
    github: ysbaddaden/sdl.cr
    commit: 21ae9e3aa7e51727620929761628ca62cff83ad8

