version: 1.0
shards:
  microtest:
    github: ragmaanir/microtest
    commit: 46199a9b32be12021b9018a7e7e068572b842c69

  molly2d:
    github: willamin/molly2d
    commit: 2e2064d366c227555a814b8068f565187ef9df7d

  sdl:
    github: ysbaddaden/sdl.cr
    commit: 21ae9e3aa7e51727620929761628ca62cff83ad8

